
Microsoft Visual Studio Solution File, Format Version 10.00
# Visual Studio 2008
Project("{FAE04EC0-301F-11D3-BF4B-00C04F79EFBC}") = "RacingGame", "RacingGame\RacingGame.csproj", "{500DE416-27AA-43A7-A8A8-DCF70B88D2C3}"
EndProject
Project("{FAE04EC0-301F-11D3-BF4B-00C04F79EFBC}") = "RacingGameContentProcessors", "RacingGameContentProcessors\RacingGameContentProcessors.csproj", "{4DBA3614-B319-4F2A-A0E3-6AE7BD1EEE73}"
EndProject
Project("{FAE04EC0-301F-11D3-BF4B-00C04F79EFBC}") = "VbClient", "VbClient\VbClient.csproj", "{EDF4816D-B5D0-45BC-BEDA-12115F6CA332}"
EndProject
Project("{FAE04EC0-301F-11D3-BF4B-00C04F79EFBC}") = "Animation", "Animation\Animation.csproj", "{1985F477-F00F-4AC0-8671-3444A9E35822}"
EndProject
Project("{FAE04EC0-301F-11D3-BF4B-00C04F79EFBC}") = "GameInterface", "GameInterface\GameInterface.csproj", "{A3BAE9AC-0CD3-47C4-A19A-05E8059B52B8}"
EndProject
Project("{8BC9CEB8-8B4A-11D0-8D11-00A0C91BC942}") = "TestServer", "TestServer2\TestServer2.vcproj", "{B8C1BB2D-7117-47A3-BAF4-FBC0AE40387C}"
EndProject
Project("{8BC9CEB8-8B4A-11D0-8D11-00A0C91BC942}") = "TestClient", "TestClient\TestClient.vcproj", "{02B9D7A5-2DDE-4FFC-A145-4EE1867F6C5B}"
EndProject
Project("{2150E333-8FDC-42A3-9474-1A3956D46DE8}") = "Test", "Test", "{A231EB00-0568-4037-B212-07D711C06D94}"
EndProject
Project("{FAE04EC0-301F-11D3-BF4B-00C04F79EFBC}") = "NetTest", "Tests\NetTest\NetTest.csproj", "{6F0D5C1A-0AF7-4C4B-A9F6-BA8F8A7D464E}"
EndProject
Global
	GlobalSection(SolutionConfigurationPlatforms) = preSolution
		Debug|Any CPU = Debug|Any CPU
		Debug|Mixed Platforms = Debug|Mixed Platforms
		Debug|Win32 = Debug|Win32
		Debug|x86 = Debug|x86
		Release|Any CPU = Release|Any CPU
		Release|Mixed Platforms = Release|Mixed Platforms
		Release|Win32 = Release|Win32
		Release|x86 = Release|x86
	EndGlobalSection
	GlobalSection(ProjectConfigurationPlatforms) = postSolution
		{500DE416-27AA-43A7-A8A8-DCF70B88D2C3}.Debug|Any CPU.ActiveCfg = Debug|x86
		{500DE416-27AA-43A7-A8A8-DCF70B88D2C3}.Debug|Mixed Platforms.ActiveCfg = Debug|x86
		{500DE416-27AA-43A7-A8A8-DCF70B88D2C3}.Debug|Mixed Platforms.Build.0 = Debug|x86
		{500DE416-27AA-43A7-A8A8-DCF70B88D2C3}.Debug|Win32.ActiveCfg = Debug|x86
		{500DE416-27AA-43A7-A8A8-DCF70B88D2C3}.Debug|x86.ActiveCfg = Debug|x86
		{500DE416-27AA-43A7-A8A8-DCF70B88D2C3}.Debug|x86.Build.0 = Debug|x86
		{500DE416-27AA-43A7-A8A8-DCF70B88D2C3}.Release|Any CPU.ActiveCfg = Release|x86
		{500DE416-27AA-43A7-A8A8-DCF70B88D2C3}.Release|Mixed Platforms.ActiveCfg = Release|x86
		{500DE416-27AA-43A7-A8A8-DCF70B88D2C3}.Release|Mixed Platforms.Build.0 = Release|x86
		{500DE416-27AA-43A7-A8A8-DCF70B88D2C3}.Release|Win32.ActiveCfg = Release|x86
		{500DE416-27AA-43A7-A8A8-DCF70B88D2C3}.Release|x86.ActiveCfg = Release|x86
		{500DE416-27AA-43A7-A8A8-DCF70B88D2C3}.Release|x86.Build.0 = Release|x86
		{4DBA3614-B319-4F2A-A0E3-6AE7BD1EEE73}.Debug|Any CPU.ActiveCfg = Debug|x86
		{4DBA3614-B319-4F2A-A0E3-6AE7BD1EEE73}.Debug|Mixed Platforms.ActiveCfg = Debug|x86
		{4DBA3614-B319-4F2A-A0E3-6AE7BD1EEE73}.Debug|Mixed Platforms.Build.0 = Debug|x86
		{4DBA3614-B319-4F2A-A0E3-6AE7BD1EEE73}.Debug|Win32.ActiveCfg = Debug|x86
		{4DBA3614-B319-4F2A-A0E3-6AE7BD1EEE73}.Debug|x86.ActiveCfg = Debug|x86
		{4DBA3614-B319-4F2A-A0E3-6AE7BD1EEE73}.Debug|x86.Build.0 = Debug|x86
		{4DBA3614-B319-4F2A-A0E3-6AE7BD1EEE73}.Release|Any CPU.ActiveCfg = Release|x86
		{4DBA3614-B319-4F2A-A0E3-6AE7BD1EEE73}.Release|Mixed Platforms.ActiveCfg = Release|x86
		{4DBA3614-B319-4F2A-A0E3-6AE7BD1EEE73}.Release|Mixed Platforms.Build.0 = Release|x86
		{4DBA3614-B319-4F2A-A0E3-6AE7BD1EEE73}.Release|Win32.ActiveCfg = Release|x86
		{4DBA3614-B319-4F2A-A0E3-6AE7BD1EEE73}.Release|x86.ActiveCfg = Release|x86
		{4DBA3614-B319-4F2A-A0E3-6AE7BD1EEE73}.Release|x86.Build.0 = Release|x86
		{EDF4816D-B5D0-45BC-BEDA-12115F6CA332}.Debug|Any CPU.ActiveCfg = Debug|x86
		{EDF4816D-B5D0-45BC-BEDA-12115F6CA332}.Debug|Mixed Platforms.ActiveCfg = Debug|x86
		{EDF4816D-B5D0-45BC-BEDA-12115F6CA332}.Debug|Mixed Platforms.Build.0 = Debug|x86
		{EDF4816D-B5D0-45BC-BEDA-12115F6CA332}.Debug|Win32.ActiveCfg = Debug|x86
		{EDF4816D-B5D0-45BC-BEDA-12115F6CA332}.Debug|x86.ActiveCfg = Debug|x86
		{EDF4816D-B5D0-45BC-BEDA-12115F6CA332}.Debug|x86.Build.0 = Debug|x86
		{EDF4816D-B5D0-45BC-BEDA-12115F6CA332}.Release|Any CPU.ActiveCfg = Release|x86
		{EDF4816D-B5D0-45BC-BEDA-12115F6CA332}.Release|Mixed Platforms.ActiveCfg = Release|x86
		{EDF4816D-B5D0-45BC-BEDA-12115F6CA332}.Release|Mixed Platforms.Build.0 = Release|x86
		{EDF4816D-B5D0-45BC-BEDA-12115F6CA332}.Release|Win32.ActiveCfg = Release|x86
		{EDF4816D-B5D0-45BC-BEDA-12115F6CA332}.Release|x86.ActiveCfg = Release|x86
		{EDF4816D-B5D0-45BC-BEDA-12115F6CA332}.Release|x86.Build.0 = Release|x86
		{1985F477-F00F-4AC0-8671-3444A9E35822}.Debug|Any CPU.ActiveCfg = Debug|x86
		{1985F477-F00F-4AC0-8671-3444A9E35822}.Debug|Mixed Platforms.ActiveCfg = Debug|x86
		{1985F477-F00F-4AC0-8671-3444A9E35822}.Debug|Mixed Platforms.Build.0 = Debug|x86
		{1985F477-F00F-4AC0-8671-3444A9E35822}.Debug|Win32.ActiveCfg = Debug|x86
		{1985F477-F00F-4AC0-8671-3444A9E35822}.Debug|x86.ActiveCfg = Debug|x86
		{1985F477-F00F-4AC0-8671-3444A9E35822}.Debug|x86.Build.0 = Debug|x86
		{1985F477-F00F-4AC0-8671-3444A9E35822}.Release|Any CPU.ActiveCfg = Release|x86
		{1985F477-F00F-4AC0-8671-3444A9E35822}.Release|Mixed Platforms.ActiveCfg = Release|x86
		{1985F477-F00F-4AC0-8671-3444A9E35822}.Release|Mixed Platforms.Build.0 = Release|x86
		{1985F477-F00F-4AC0-8671-3444A9E35822}.Release|Win32.ActiveCfg = Release|x86
		{1985F477-F00F-4AC0-8671-3444A9E35822}.Release|x86.ActiveCfg = Release|x86
		{1985F477-F00F-4AC0-8671-3444A9E35822}.Release|x86.Build.0 = Release|x86
		{A3BAE9AC-0CD3-47C4-A19A-05E8059B52B8}.Debug|Any CPU.ActiveCfg = Debug|x86
		{A3BAE9AC-0CD3-47C4-A19A-05E8059B52B8}.Debug|Mixed Platforms.ActiveCfg = Debug|x86
		{A3BAE9AC-0CD3-47C4-A19A-05E8059B52B8}.Debug|Mixed Platforms.Build.0 = Debug|x86
		{A3BAE9AC-0CD3-47C4-A19A-05E8059B52B8}.Debug|Win32.ActiveCfg = Debug|x86
		{A3BAE9AC-0CD3-47C4-A19A-05E8059B52B8}.Debug|x86.ActiveCfg = Debug|x86
		{A3BAE9AC-0CD3-47C4-A19A-05E8059B52B8}.Debug|x86.Build.0 = Debug|x86
		{A3BAE9AC-0CD3-47C4-A19A-05E8059B52B8}.Release|Any CPU.ActiveCfg = Release|x86
		{A3BAE9AC-0CD3-47C4-A19A-05E8059B52B8}.Release|Mixed Platforms.ActiveCfg = Release|x86
		{A3BAE9AC-0CD3-47C4-A19A-05E8059B52B8}.Release|Mixed Platforms.Build.0 = Release|x86
		{A3BAE9AC-0CD3-47C4-A19A-05E8059B52B8}.Release|Win32.ActiveCfg = Release|x86
		{A3BAE9AC-0CD3-47C4-A19A-05E8059B52B8}.Release|x86.ActiveCfg = Release|x86
		{A3BAE9AC-0CD3-47C4-A19A-05E8059B52B8}.Release|x86.Build.0 = Release|x86
		{B8C1BB2D-7117-47A3-BAF4-FBC0AE40387C}.Debug|Any CPU.ActiveCfg = Debug|Win32
		{B8C1BB2D-7117-47A3-BAF4-FBC0AE40387C}.Debug|Mixed Platforms.ActiveCfg = Debug|Win32
		{B8C1BB2D-7117-47A3-BAF4-FBC0AE40387C}.Debug|Mixed Platforms.Build.0 = Debug|Win32
		{B8C1BB2D-7117-47A3-BAF4-FBC0AE40387C}.Debug|Win32.ActiveCfg = Debug|Win32
		{B8C1BB2D-7117-47A3-BAF4-FBC0AE40387C}.Debug|Win32.Build.0 = Debug|Win32
		{B8C1BB2D-7117-47A3-BAF4-FBC0AE40387C}.Debug|x86.ActiveCfg = Debug|Win32
		{B8C1BB2D-7117-47A3-BAF4-FBC0AE40387C}.Release|Any CPU.ActiveCfg = Release|Win32
		{B8C1BB2D-7117-47A3-BAF4-FBC0AE40387C}.Release|Mixed Platforms.ActiveCfg = Release|Win32
		{B8C1BB2D-7117-47A3-BAF4-FBC0AE40387C}.Release|Mixed Platforms.Build.0 = Release|Win32
		{B8C1BB2D-7117-47A3-BAF4-FBC0AE40387C}.Release|Win32.ActiveCfg = Release|Win32
		{B8C1BB2D-7117-47A3-BAF4-FBC0AE40387C}.Release|Win32.Build.0 = Release|Win32
		{B8C1BB2D-7117-47A3-BAF4-FBC0AE40387C}.Release|x86.ActiveCfg = Release|Win32
		{02B9D7A5-2DDE-4FFC-A145-4EE1867F6C5B}.Debug|Any CPU.ActiveCfg = Debug|Win32
		{02B9D7A5-2DDE-4FFC-A145-4EE1867F6C5B}.Debug|Mixed Platforms.ActiveCfg = Debug|Win32
		{02B9D7A5-2DDE-4FFC-A145-4EE1867F6C5B}.Debug|Mixed Platforms.Build.0 = Debug|Win32
		{02B9D7A5-2DDE-4FFC-A145-4EE1867F6C5B}.Debug|Win32.ActiveCfg = Debug|Win32
		{02B9D7A5-2DDE-4FFC-A145-4EE1867F6C5B}.Debug|Win32.Build.0 = Debug|Win32
		{02B9D7A5-2DDE-4FFC-A145-4EE1867F6C5B}.Debug|x86.ActiveCfg = Debug|Win32
		{02B9D7A5-2DDE-4FFC-A145-4EE1867F6C5B}.Release|Any CPU.ActiveCfg = Release|Win32
		{02B9D7A5-2DDE-4FFC-A145-4EE1867F6C5B}.Release|Mixed Platforms.ActiveCfg = Release|Win32
		{02B9D7A5-2DDE-4FFC-A145-4EE1867F6C5B}.Release|Mixed Platforms.Build.0 = Release|Win32
		{02B9D7A5-2DDE-4FFC-A145-4EE1867F6C5B}.Release|Win32.ActiveCfg = Release|Win32
		{02B9D7A5-2DDE-4FFC-A145-4EE1867F6C5B}.Release|Win32.Build.0 = Release|Win32
		{02B9D7A5-2DDE-4FFC-A145-4EE1867F6C5B}.Release|x86.ActiveCfg = Release|Win32
		{96C2173D-4E0E-4A6A-A3A7-CFA5F80AB2AB}.Debug|Any CPU.ActiveCfg = Debug|x86
		{96C2173D-4E0E-4A6A-A3A7-CFA5F80AB2AB}.Debug|Mixed Platforms.ActiveCfg = Debug|x86
		{96C2173D-4E0E-4A6A-A3A7-CFA5F80AB2AB}.Debug|Win32.ActiveCfg = Debug|x86
		{96C2173D-4E0E-4A6A-A3A7-CFA5F80AB2AB}.Debug|x86.ActiveCfg = Debug|x86
		{96C2173D-4E0E-4A6A-A3A7-CFA5F80AB2AB}.Release|Any CPU.ActiveCfg = Release|x86
		{96C2173D-4E0E-4A6A-A3A7-CFA5F80AB2AB}.Release|Mixed Platforms.ActiveCfg = Release|x86
		{96C2173D-4E0E-4A6A-A3A7-CFA5F80AB2AB}.Release|Win32.ActiveCfg = Release|x86
		{96C2173D-4E0E-4A6A-A3A7-CFA5F80AB2AB}.Release|x86.ActiveCfg = Release|x86
		{2F3A2BFB-92B5-463F-9F69-5CBA1D3294AD}.Debug|Any CPU.ActiveCfg = Debug|x86
		{2F3A2BFB-92B5-463F-9F69-5CBA1D3294AD}.Debug|Mixed Platforms.ActiveCfg = Debug|x86
		{2F3A2BFB-92B5-463F-9F69-5CBA1D3294AD}.Debug|Win32.ActiveCfg = Debug|x86
		{2F3A2BFB-92B5-463F-9F69-5CBA1D3294AD}.Debug|x86.ActiveCfg = Debug|x86
		{2F3A2BFB-92B5-463F-9F69-5CBA1D3294AD}.Release|Any CPU.ActiveCfg = Release|x86
		{2F3A2BFB-92B5-463F-9F69-5CBA1D3294AD}.Release|Mixed Platforms.ActiveCfg = Release|x86
		{2F3A2BFB-92B5-463F-9F69-5CBA1D3294AD}.Release|Win32.ActiveCfg = Release|x86
		{2F3A2BFB-92B5-463F-9F69-5CBA1D3294AD}.Release|x86.ActiveCfg = Release|x86
		{0DB05448-1AC0-476E-BE56-D47992C47EAC}.Debug|Any CPU.ActiveCfg = Debug|x86
		{0DB05448-1AC0-476E-BE56-D47992C47EAC}.Debug|Mixed Platforms.ActiveCfg = Debug|x86
		{0DB05448-1AC0-476E-BE56-D47992C47EAC}.Debug|Win32.ActiveCfg = Debug|x86
		{0DB05448-1AC0-476E-BE56-D47992C47EAC}.Debug|x86.ActiveCfg = Debug|x86
		{0DB05448-1AC0-476E-BE56-D47992C47EAC}.Release|Any CPU.ActiveCfg = Release|x86
		{0DB05448-1AC0-476E-BE56-D47992C47EAC}.Release|Mixed Platforms.ActiveCfg = Release|x86
		{0DB05448-1AC0-476E-BE56-D47992C47EAC}.Release|Win32.ActiveCfg = Release|x86
		{0DB05448-1AC0-476E-BE56-D47992C47EAC}.Release|x86.ActiveCfg = Release|x86
		{6F0D5C1A-0AF7-4C4B-A9F6-BA8F8A7D464E}.Debug|Any CPU.ActiveCfg = Debug|Any CPU
		{6F0D5C1A-0AF7-4C4B-A9F6-BA8F8A7D464E}.Debug|Any CPU.Build.0 = Debug|Any CPU
		{6F0D5C1A-0AF7-4C4B-A9F6-BA8F8A7D464E}.Debug|Mixed Platforms.ActiveCfg = Debug|Any CPU
		{6F0D5C1A-0AF7-4C4B-A9F6-BA8F8A7D464E}.Debug|Mixed Platforms.Build.0 = Debug|Any CPU
		{6F0D5C1A-0AF7-4C4B-A9F6-BA8F8A7D464E}.Debug|Win32.ActiveCfg = Debug|Any CPU
		{6F0D5C1A-0AF7-4C4B-A9F6-BA8F8A7D464E}.Debug|x86.ActiveCfg = Debug|Any CPU
		{6F0D5C1A-0AF7-4C4B-A9F6-BA8F8A7D464E}.Release|Any CPU.ActiveCfg = Release|Any CPU
		{6F0D5C1A-0AF7-4C4B-A9F6-BA8F8A7D464E}.Release|Any CPU.Build.0 = Release|Any CPU
		{6F0D5C1A-0AF7-4C4B-A9F6-BA8F8A7D464E}.Release|Mixed Platforms.ActiveCfg = Release|Any CPU
		{6F0D5C1A-0AF7-4C4B-A9F6-BA8F8A7D464E}.Release|Mixed Platforms.Build.0 = Release|Any CPU
		{6F0D5C1A-0AF7-4C4B-A9F6-BA8F8A7D464E}.Release|Win32.ActiveCfg = Release|Any CPU
		{6F0D5C1A-0AF7-4C4B-A9F6-BA8F8A7D464E}.Release|x86.ActiveCfg = Release|Any CPU
	EndGlobalSection
	GlobalSection(SolutionProperties) = preSolution
		HideSolutionNode = FALSE
	EndGlobalSection
	GlobalSection(NestedProjects) = preSolution
		{6F0D5C1A-0AF7-4C4B-A9F6-BA8F8A7D464E} = {A231EB00-0568-4037-B212-07D711C06D94}
	EndGlobalSection
EndGlobal
