
Microsoft Visual Studio Solution File, Format Version 10.00
# Visual Studio 2008
Project("{FAE04EC0-301F-11D3-BF4B-00C04F79EFBC}") = "Game", "Game\Game.csproj", "{4388E381-8715-4561-BC83-A2F212A2039E}"
EndProject
Project("{FAE04EC0-301F-11D3-BF4B-00C04F79EFBC}") = "RacingGame", "RacingGame\RacingGame.csproj", "{500DE416-27AA-43A7-A8A8-DCF70B88D2C3}"
EndProject
Project("{FAE04EC0-301F-11D3-BF4B-00C04F79EFBC}") = "RacingGameContentProcessors", "RacingGameContentProcessors\RacingGameContentProcessors.csproj", "{4DBA3614-B319-4F2A-A0E3-6AE7BD1EEE73}"
EndProject
Project("{FAE04EC0-301F-11D3-BF4B-00C04F79EFBC}") = "VbClient", "VbClient\VbClient.csproj", "{EDF4816D-B5D0-45BC-BEDA-12115F6CA332}"
EndProject
Project("{FAE04EC0-301F-11D3-BF4B-00C04F79EFBC}") = "Animation", "Animation\Animation.csproj", "{1985F477-F00F-4AC0-8671-3444A9E35822}"
EndProject
Global
	GlobalSection(SolutionConfigurationPlatforms) = preSolution
		Debug|Any CPU = Debug|Any CPU
		Debug|Mixed Platforms = Debug|Mixed Platforms
		Debug|x86 = Debug|x86
		Release|Any CPU = Release|Any CPU
		Release|Mixed Platforms = Release|Mixed Platforms
		Release|x86 = Release|x86
	EndGlobalSection
	GlobalSection(ProjectConfigurationPlatforms) = postSolution
		{4388E381-8715-4561-BC83-A2F212A2039E}.Debug|Any CPU.ActiveCfg = Debug|x86
		{4388E381-8715-4561-BC83-A2F212A2039E}.Debug|Mixed Platforms.ActiveCfg = Debug|x86
		{4388E381-8715-4561-BC83-A2F212A2039E}.Debug|x86.ActiveCfg = Debug|x86
		{4388E381-8715-4561-BC83-A2F212A2039E}.Debug|x86.Build.0 = Debug|x86
		{4388E381-8715-4561-BC83-A2F212A2039E}.Release|Any CPU.ActiveCfg = Release|x86
		{4388E381-8715-4561-BC83-A2F212A2039E}.Release|Mixed Platforms.ActiveCfg = Release|x86
		{4388E381-8715-4561-BC83-A2F212A2039E}.Release|x86.ActiveCfg = Release|x86
		{4388E381-8715-4561-BC83-A2F212A2039E}.Release|x86.Build.0 = Release|x86
		{500DE416-27AA-43A7-A8A8-DCF70B88D2C3}.Debug|Any CPU.ActiveCfg = Debug|x86
		{500DE416-27AA-43A7-A8A8-DCF70B88D2C3}.Debug|Mixed Platforms.ActiveCfg = Debug|x86
		{500DE416-27AA-43A7-A8A8-DCF70B88D2C3}.Debug|Mixed Platforms.Build.0 = Debug|x86
		{500DE416-27AA-43A7-A8A8-DCF70B88D2C3}.Debug|x86.ActiveCfg = Debug|x86
		{500DE416-27AA-43A7-A8A8-DCF70B88D2C3}.Debug|x86.Build.0 = Debug|x86
		{500DE416-27AA-43A7-A8A8-DCF70B88D2C3}.Release|Any CPU.ActiveCfg = Release|x86
		{500DE416-27AA-43A7-A8A8-DCF70B88D2C3}.Release|Mixed Platforms.ActiveCfg = Release|x86
		{500DE416-27AA-43A7-A8A8-DCF70B88D2C3}.Release|Mixed Platforms.Build.0 = Release|x86
		{500DE416-27AA-43A7-A8A8-DCF70B88D2C3}.Release|x86.ActiveCfg = Release|x86
		{500DE416-27AA-43A7-A8A8-DCF70B88D2C3}.Release|x86.Build.0 = Release|x86
		{4DBA3614-B319-4F2A-A0E3-6AE7BD1EEE73}.Debug|Any CPU.ActiveCfg = Debug|x86
		{4DBA3614-B319-4F2A-A0E3-6AE7BD1EEE73}.Debug|Mixed Platforms.ActiveCfg = Debug|x86
		{4DBA3614-B319-4F2A-A0E3-6AE7BD1EEE73}.Debug|Mixed Platforms.Build.0 = Debug|x86
		{4DBA3614-B319-4F2A-A0E3-6AE7BD1EEE73}.Debug|x86.ActiveCfg = Debug|x86
		{4DBA3614-B319-4F2A-A0E3-6AE7BD1EEE73}.Debug|x86.Build.0 = Debug|x86
		{4DBA3614-B319-4F2A-A0E3-6AE7BD1EEE73}.Release|Any CPU.ActiveCfg = Release|x86
		{4DBA3614-B319-4F2A-A0E3-6AE7BD1EEE73}.Release|Mixed Platforms.ActiveCfg = Release|x86
		{4DBA3614-B319-4F2A-A0E3-6AE7BD1EEE73}.Release|Mixed Platforms.Build.0 = Release|x86
		{4DBA3614-B319-4F2A-A0E3-6AE7BD1EEE73}.Release|x86.ActiveCfg = Release|x86
		{4DBA3614-B319-4F2A-A0E3-6AE7BD1EEE73}.Release|x86.Build.0 = Release|x86
		{EDF4816D-B5D0-45BC-BEDA-12115F6CA332}.Debug|Any CPU.ActiveCfg = Debug|x86
		{EDF4816D-B5D0-45BC-BEDA-12115F6CA332}.Debug|Mixed Platforms.ActiveCfg = Debug|x86
		{EDF4816D-B5D0-45BC-BEDA-12115F6CA332}.Debug|Mixed Platforms.Build.0 = Debug|x86
		{EDF4816D-B5D0-45BC-BEDA-12115F6CA332}.Debug|x86.ActiveCfg = Debug|x86
		{EDF4816D-B5D0-45BC-BEDA-12115F6CA332}.Debug|x86.Build.0 = Debug|x86
		{EDF4816D-B5D0-45BC-BEDA-12115F6CA332}.Release|Any CPU.ActiveCfg = Release|x86
		{EDF4816D-B5D0-45BC-BEDA-12115F6CA332}.Release|Mixed Platforms.ActiveCfg = Release|x86
		{EDF4816D-B5D0-45BC-BEDA-12115F6CA332}.Release|Mixed Platforms.Build.0 = Release|x86
		{EDF4816D-B5D0-45BC-BEDA-12115F6CA332}.Release|x86.ActiveCfg = Release|x86
		{EDF4816D-B5D0-45BC-BEDA-12115F6CA332}.Release|x86.Build.0 = Release|x86
		{96C2173D-4E0E-4A6A-A3A7-CFA5F80AB2AB}.Debug|Any CPU.ActiveCfg = Debug|x86
		{96C2173D-4E0E-4A6A-A3A7-CFA5F80AB2AB}.Debug|Mixed Platforms.ActiveCfg = Debug|x86
		{96C2173D-4E0E-4A6A-A3A7-CFA5F80AB2AB}.Debug|x86.ActiveCfg = Debug|x86
		{96C2173D-4E0E-4A6A-A3A7-CFA5F80AB2AB}.Release|Any CPU.ActiveCfg = Release|x86
		{96C2173D-4E0E-4A6A-A3A7-CFA5F80AB2AB}.Release|Mixed Platforms.ActiveCfg = Release|x86
		{96C2173D-4E0E-4A6A-A3A7-CFA5F80AB2AB}.Release|x86.ActiveCfg = Release|x86
		{3E927498-7CD1-4A93-A38A-9C9CD7694E88}.Debug|Any CPU.ActiveCfg = Debug|x86
		{3E927498-7CD1-4A93-A38A-9C9CD7694E88}.Debug|Mixed Platforms.ActiveCfg = Debug|x86
		{3E927498-7CD1-4A93-A38A-9C9CD7694E88}.Debug|x86.ActiveCfg = Debug|x86
		{3E927498-7CD1-4A93-A38A-9C9CD7694E88}.Release|Any CPU.ActiveCfg = Release|x86
		{3E927498-7CD1-4A93-A38A-9C9CD7694E88}.Release|Mixed Platforms.ActiveCfg = Release|x86
		{3E927498-7CD1-4A93-A38A-9C9CD7694E88}.Release|x86.ActiveCfg = Release|x86
		{1985F477-F00F-4AC0-8671-3444A9E35822}.Debug|Any CPU.ActiveCfg = Debug|x86
		{1985F477-F00F-4AC0-8671-3444A9E35822}.Debug|Mixed Platforms.ActiveCfg = Debug|x86
		{1985F477-F00F-4AC0-8671-3444A9E35822}.Debug|Mixed Platforms.Build.0 = Debug|x86
		{1985F477-F00F-4AC0-8671-3444A9E35822}.Debug|x86.ActiveCfg = Debug|x86
		{1985F477-F00F-4AC0-8671-3444A9E35822}.Debug|x86.Build.0 = Debug|x86
		{1985F477-F00F-4AC0-8671-3444A9E35822}.Release|Any CPU.ActiveCfg = Release|x86
		{1985F477-F00F-4AC0-8671-3444A9E35822}.Release|Mixed Platforms.ActiveCfg = Release|x86
		{1985F477-F00F-4AC0-8671-3444A9E35822}.Release|Mixed Platforms.Build.0 = Release|x86
		{1985F477-F00F-4AC0-8671-3444A9E35822}.Release|x86.ActiveCfg = Release|x86
		{1985F477-F00F-4AC0-8671-3444A9E35822}.Release|x86.Build.0 = Release|x86
		{2F3A2BFB-92B5-463F-9F69-5CBA1D3294AD}.Debug|Any CPU.ActiveCfg = Debug|x86
		{2F3A2BFB-92B5-463F-9F69-5CBA1D3294AD}.Debug|Mixed Platforms.ActiveCfg = Debug|x86
		{2F3A2BFB-92B5-463F-9F69-5CBA1D3294AD}.Debug|x86.ActiveCfg = Debug|x86
		{2F3A2BFB-92B5-463F-9F69-5CBA1D3294AD}.Release|Any CPU.ActiveCfg = Release|x86
		{2F3A2BFB-92B5-463F-9F69-5CBA1D3294AD}.Release|Mixed Platforms.ActiveCfg = Release|x86
		{2F3A2BFB-92B5-463F-9F69-5CBA1D3294AD}.Release|x86.ActiveCfg = Release|x86
	EndGlobalSection
	GlobalSection(SolutionProperties) = preSolution
		HideSolutionNode = FALSE
	EndGlobalSection
EndGlobal
